// !$*UTF8*$!
{
	archiveVersion = 1;
	classes = {
	};
	objectVersion = 46;
	objects = {

/* Begin PBXBuildFile section */
		45BEA9C01BFE20660067DE74 /* main.swift in Sources */ = {isa = PBXBuildFile; fileRef = 45BEA9BF1BFE20660067DE74 /* main.swift */; };
		45BEA9D11BFE2C6B0067DE74 /* AppKit.framework in Frameworks */ = {isa = PBXBuildFile; fileRef = 45BEA9D01BFE2C6B0067DE74 /* AppKit.framework */; };
/* End PBXBuildFile section */

/* Begin PBXFileReference section */
		45BEA9BC1BFE20660067DE74 /* Rust140BuildTestInProcessOfAppKit2.app */ = {isa = PBXFileReference; explicitFileType = wrapper.application; includeInIndex = 0; path = Rust140BuildTestInProcessOfAppKit2.app; sourceTree = BUILT_PRODUCTS_DIR; };
		45BEA9BF1BFE20660067DE74 /* main.swift */ = {isa = PBXFileReference; lastKnownFileType = sourcecode.swift; path = main.swift; sourceTree = "<group>"; };
		45BEA9C61BFE20660067DE74 /* Info.plist */ = {isa = PBXFileReference; lastKnownFileType = text.plist.xml; path = Info.plist; sourceTree = "<group>"; };
		45BEA9D01BFE2C6B0067DE74 /* AppKit.framework */ = {isa = PBXFileReference; lastKnownFileType = wrapper.framework; name = AppKit.framework; path = System/Library/Frameworks/AppKit.framework; sourceTree = SDKROOT; };
/* End PBXFileReference section */

/* Begin PBXFrameworksBuildPhase section */
		45BEA9B91BFE20660067DE74 /* Frameworks */ = {
			isa = PBXFrameworksBuildPhase;
			buildActionMask = 2147483647;
			files = (
				45BEA9D11BFE2C6B0067DE74 /* AppKit.framework in Frameworks */,
			);
			runOnlyForDeploymentPostprocessing = 0;
		};
/* End PBXFrameworksBuildPhase section */

/* Begin PBXGroup section */
		45BEA9B31BFE20660067DE74 = {
			isa = PBXGroup;
			children = (
				45BEA9D01BFE2C6B0067DE74 /* AppKit.framework */,
				45BEA9BE1BFE20660067DE74 /* Rust140BuildTestInProcessOfAppKit2 */,
				45BEA9BD1BFE20660067DE74 /* Products */,
			);
			sourceTree = "<group>";
		};
		45BEA9BD1BFE20660067DE74 /* Products */ = {
			isa = PBXGroup;
			children = (
				45BEA9BC1BFE20660067DE74 /* Rust140BuildTestInProcessOfAppKit2.app */,
			);
			name = Products;
			sourceTree = "<group>";
		};
		45BEA9BE1BFE20660067DE74 /* Rust140BuildTestInProcessOfAppKit2 */ = {
			isa = PBXGroup;
			children = (
				45BEA9BF1BFE20660067DE74 /* main.swift */,
				45BEA9C61BFE20660067DE74 /* Info.plist */,
			);
			path = Rust140BuildTestInProcessOfAppKit2;
			sourceTree = "<group>";
		};
/* End PBXGroup section */

/* Begin PBXNativeTarget section */
		45BEA9BB1BFE20660067DE74 /* Rust140BuildTestInProcessOfAppKit2 */ = {
			isa = PBXNativeTarget;
			buildConfigurationList = 45BEA9C91BFE20660067DE74 /* Build configuration list for PBXNativeTarget "Rust140BuildTestInProcessOfAppKit2" */;
			buildPhases = (
				45BEA9B81BFE20660067DE74 /* Sources */,
				45BEA9B91BFE20660067DE74 /* Frameworks */,
				45BEA9BA1BFE20660067DE74 /* Resources */,
			);
			buildRules = (
			);
			dependencies = (
			);
			name = Rust140BuildTestInProcessOfAppKit2;
			productName = Rust140BuildTestInProcessOfAppKit2;
			productReference = 45BEA9BC1BFE20660067DE74 /* Rust140BuildTestInProcessOfAppKit2.app */;
			productType = "com.apple.product-type.application";
		};
/* End PBXNativeTarget section */

/* Begin PBXProject section */
		45BEA9B41BFE20660067DE74 /* Project object */ = {
			isa = PBXProject;
			attributes = {
				LastSwiftUpdateCheck = 0710;
				LastUpgradeCheck = 0710;
				ORGANIZATIONNAME = Eonil;
				TargetAttributes = {
					45BEA9BB1BFE20660067DE74 = {
						CreatedOnToolsVersion = 7.1.1;
					};
				};
			};
			buildConfigurationList = 45BEA9B71BFE20660067DE74 /* Build configuration list for PBXProject "Rust140BuildTestInProcessOfAppKit2" */;
			compatibilityVersion = "Xcode 3.2";
			developmentRegion = English;
			hasScannedForEncodings = 0;
			knownRegions = (
				en,
				Base,
			);
			mainGroup = 45BEA9B31BFE20660067DE74;
			productRefGroup = 45BEA9BD1BFE20660067DE74 /* Products */;
			projectDirPath = "";
			projectRoot = "";
			targets = (
				45BEA9BB1BFE20660067DE74 /* Rust140BuildTestInProcessOfAppKit2 */,
			);
		};
/* End PBXProject section */

/* Begin PBXResourcesBuildPhase section */
		45BEA9BA1BFE20660067DE74 /* Resources */ = {
			isa = PBXResourcesBuildPhase;
			buildActionMask = 2147483647;
			files = (
			);
			runOnlyForDeploymentPostprocessing = 0;
		};
/* End PBXResourcesBuildPhase section */

/* Begin PBXSourcesBuildPhase section */
		45BEA9B81BFE20660067DE74 /* Sources */ = {
			isa = PBXSourcesBuildPhase;
			buildActionMask = 2147483647;
			files = (
				45BEA9C01BFE20660067DE74 /* main.swift in Sources */,
			);
			runOnlyForDeploymentPostprocessing = 0;
		};
/* End PBXSourcesBuildPhase section */

/* Begin XCBuildConfiguration section */
		45BEA9C71BFE20660067DE74 /* Debug */ = {
			isa = XCBuildConfiguration;
			buildSettings = {
				ALWAYS_SEARCH_USER_PATHS = NO;
				CLANG_CXX_LANGUAGE_STANDARD = "gnu++0x";
				CLANG_CXX_LIBRARY = "libc++";
				CLANG_ENABLE_MODULES = YES;
				CLANG_ENABLE_OBJC_ARC = YES;
				CLANG_WARN_BOOL_CONVERSION = YES;
				CLANG_WARN_CONSTANT_CONVERSION = YES;
				CLANG_WARN_DIRECT_OBJC_ISA_USAGE = YES_ERROR;
				CLANG_WARN_EMPTY_BODY = YES;
				CLANG_WARN_ENUM_CONVERSION = YES;
				CLANG_WARN_INT_CONVERSION = YES;
				CLANG_WARN_OBJC_ROOT_CLASS = YES_ERROR;
				CLANG_WARN_UNREACHABLE_CODE = YES;
				CLANG_WARN__DUPLICATE_METHOD_MATCH = YES;
				CODE_SIGN_IDENTITY = "-";
				COPY_PHASE_STRIP = NO;
				DEBUG_INFORMATION_FORMAT = dwarf;
				ENABLE_STRICT_OBJC_MSGSEND = YES;
				ENABLE_TESTABILITY = YES;
				GCC_C_LANGUAGE_STANDARD = gnu99;
				GCC_DYNAMIC_NO_PIC = NO;
				GCC_NO_COMMON_BLOCKS = YES;
				GCC_OPTIMIZATION_LEVEL = 0;
				GCC_PREPROCESSOR_DEFINITIONS = (
					"DEBUG=1",
					"$(inherited)",
				);
				GCC_WARN_64_TO_32_BIT_CONVERSION = YES;
				GCC_WARN_ABOUT_RETURN_TYPE = YES_ERROR;
				GCC_WARN_UNDECLARED_SELECTOR = YES;
				GCC_WARN_UNINITIALIZED_AUTOS = YES_AGGRESSIVE;
				GCC_WARN_UNUSED_FUNCTION = YES;
				GCC_WARN_UNUSED_VARIABLE = YES;
				MACOSX_DEPLOYMENT_TARGET = 10.11;
				MTL_ENABLE_DEBUG_INFO = YES;
				ONLY_ACTIVE_ARCH = YES;
				SDKROOT = macosx;
				SWIFT_OPTIMIZATION_LEVEL = "-Onone";
			};
			name = Debug;
		};
		45BEA9C81BFE20660067DE74 /* Release */ = {
			isa = XCBuildConfiguration;
			buildSettings = {
				ALWAYS_SEARCH_USER_PATHS = NO;
				CLANG_CXX_LANGUAGE_STANDARD = "gnu++0x";
				CLANG_CXX_LIBRARY = "libc++";
				CLANG_ENABLE_MODULES = YES;
				CLANG_ENABLE_OBJC_ARC = YES;
				CLANG_WARN_BOOL_CONVERSION = YES;
				CLANG_WARN_CONSTANT_CONVERSION = YES;
				CLANG_WARN_DIRECT_OBJC_ISA_USAGE = YES_ERROR;
				CLANG_WARN_EMPTY_BODY = YES;
				CLANG_WARN_ENUM_CONVERSION = YES;
				CLANG_WARN_INT_CONVERSION = YES;
				CLANG_WARN_OBJC_ROOT_CLASS = YES_ERROR;
				CLANG_WARN_UNREACHABLE_CODE = YES;
				CLANG_WARN__DUPLICATE_METHOD_MATCH = YES;
				CODE_SIGN_IDENTITY = "-";
				COPY_PHASE_STRIP = NO;
				DEBUG_INFORMATION_FORMAT = "dwarf-with-dsym";
				ENABLE_NS_ASSERTIONS = NO;
				ENABLE_STRICT_OBJC_MSGSEND = YES;
				GCC_C_LANGUAGE_STANDARD = gnu99;
				GCC_NO_COMMON_BLOCKS = YES;
				GCC_WARN_64_TO_32_BIT_CONVERSION = YES;
				GCC_WARN_ABOUT_RETURN_TYPE = YES_ERROR;
				GCC_WARN_UNDECLARED_SELECTOR = YES;
				GCC_WARN_UNINITIALIZED_AUTOS = YES_AGGRESSIVE;
				GCC_WARN_UNUSED_FUNCTION = YES;
				GCC_WARN_UNUSED_VARIABLE = YES;
				MACOSX_DEPLOYMENT_TARGET = 10.11;
				MTL_ENABLE_DEBUG_INFO = NO;
				SDKROOT = macosx;
			};
			name = Release;
		};
		45BEA9CA1BFE20660067DE74 /* Debug */ = {
			isa = XCBuildConfiguration;
			buildSettings = {
				ASSETCATALOG_COMPILER_APPICON_NAME = AppIcon;
				COMBINE_HIDPI_IMAGES = YES;
				INFOPLIST_FILE = Rust140BuildTestInProcessOfAppKit2/Info.plist;
				LD_RUNPATH_SEARCH_PATHS = "$(inherited) @executable_path/../Frameworks";
				PRODUCT_BUNDLE_IDENTIFIER = Eonil.Rust140BuildTestInProcessOfAppKit2;
				PRODUCT_NAME = "$(TARGET_NAME)";
			};
			name = Debug;
		};
		45BEA9CB1BFE20660067DE74 /* Release */ = {
			isa = XCBuildConfiguration;
			buildSettings = {
				ASSETCATALOG_COMPILER_APPICON_NAME = AppIcon;
				COMBINE_HIDPI_IMAGES = YES;
				INFOPLIST_FILE = Rust140BuildTestInProcessOfAppKit2/Info.plist;
				LD_RUNPATH_SEARCH_PATHS = "$(inherited) @executable_path/../Frameworks";
				PRODUCT_BUNDLE_IDENTIFIER = Eonil.Rust140BuildTestInProcessOfAppKit2;
				PRODUCT_NAME = "$(TARGET_NAME)";
			};
			name = Release;
		};
/* End XCBuildConfiguration section */

/* Begin XCConfigurationList section */
		45BEA9B71BFE20660067DE74 /* Build configuration list for PBXProject "Rust140BuildTestInProcessOfAppKit2" */ = {
			isa = XCConfigurationList;
			buildConfigurations = (
				45BEA9C71BFE20660067DE74 /* Debug */,
				45BEA9C81BFE20660067DE74 /* Release */,
			);
			defaultConfigurationIsVisible = 0;
			defaultConfigurationName = Release;
		};
		45BEA9C91BFE20660067DE74 /* Build configuration list for PBXNativeTarget "Rust140BuildTestInProcessOfAppKit2" */ = {
			isa = XCConfigurationList;
			buildConfigurations = (
				45BEA9CA1BFE20660067DE74 /* Debug */,
				45BEA9CB1BFE20660067DE74 /* Release */,
			);
			defaultConfigurationIsVisible = 0;
			defaultConfigurationName = Release;
		};
/* End XCConfigurationList section */
	};
	rootObject = 45BEA9B41BFE20660067DE74 /* Project object */;
}
