// !$*UTF8*$!
{
	archiveVersion = 1;
	classes = {
	};
	objectVersion = 46;
	objects = {

/* Begin PBXBuildFile section */
		45BEA9711BFE1C5C0067DE74 /* AppDelegate.swift in Sources */ = {isa = PBXBuildFile; fileRef = 45BEA9701BFE1C5C0067DE74 /* AppDelegate.swift */; };
		45BEA9731BFE1C5C0067DE74 /* Assets.xcassets in Resources */ = {isa = PBXBuildFile; fileRef = 45BEA9721BFE1C5C0067DE74 /* Assets.xcassets */; };
		45BEA9761BFE1C5C0067DE74 /* MainMenu.xib in Resources */ = {isa = PBXBuildFile; fileRef = 45BEA9741BFE1C5C0067DE74 /* MainMenu.xib */; };
/* End PBXBuildFile section */

/* Begin PBXFileReference section */
		45BEA96D1BFE1C5C0067DE74 /* Rust140BuildTestInProcessOfAppKit.app */ = {isa = PBXFileReference; explicitFileType = wrapper.application; includeInIndex = 0; path = Rust140BuildTestInProcessOfAppKit.app; sourceTree = BUILT_PRODUCTS_DIR; };
		45BEA9701BFE1C5C0067DE74 /* AppDelegate.swift */ = {isa = PBXFileReference; lastKnownFileType = sourcecode.swift; path = AppDelegate.swift; sourceTree = "<group>"; };
		45BEA9721BFE1C5C0067DE74 /* Assets.xcassets */ = {isa = PBXFileReference; lastKnownFileType = folder.assetcatalog; path = Assets.xcassets; sourceTree = "<group>"; };
		45BEA9751BFE1C5C0067DE74 /* Base */ = {isa = PBXFileReference; lastKnownFileType = file.xib; name = Base; path = Base.lproj/MainMenu.xib; sourceTree = "<group>"; };
		45BEA9771BFE1C5C0067DE74 /* Info.plist */ = {isa = PBXFileReference; lastKnownFileType = text.plist.xml; path = Info.plist; sourceTree = "<group>"; };
/* End PBXFileReference section */

/* Begin PBXFrameworksBuildPhase section */
		45BEA96A1BFE1C5C0067DE74 /* Frameworks */ = {
			isa = PBXFrameworksBuildPhase;
			buildActionMask = 2147483647;
			files = (
			);
			runOnlyForDeploymentPostprocessing = 0;
		};
/* End PBXFrameworksBuildPhase section */

/* Begin PBXGroup section */
		45BEA9641BFE1C5C0067DE74 = {
			isa = PBXGroup;
			children = (
				45BEA96F1BFE1C5C0067DE74 /* Rust140BuildTestInProcessOfAppKit */,
				45BEA96E1BFE1C5C0067DE74 /* Products */,
			);
			sourceTree = "<group>";
		};
		45BEA96E1BFE1C5C0067DE74 /* Products */ = {
			isa = PBXGroup;
			children = (
				45BEA96D1BFE1C5C0067DE74 /* Rust140BuildTestInProcessOfAppKit.app */,
			);
			name = Products;
			sourceTree = "<group>";
		};
		45BEA96F1BFE1C5C0067DE74 /* Rust140BuildTestInProcessOfAppKit */ = {
			isa = PBXGroup;
			children = (
				45BEA9701BFE1C5C0067DE74 /* AppDelegate.swift */,
				45BEA9721BFE1C5C0067DE74 /* Assets.xcassets */,
				45BEA9741BFE1C5C0067DE74 /* MainMenu.xib */,
				45BEA9771BFE1C5C0067DE74 /* Info.plist */,
			);
			path = Rust140BuildTestInProcessOfAppKit;
			sourceTree = "<group>";
		};
/* End PBXGroup section */

/* Begin PBXNativeTarget section */
		45BEA96C1BFE1C5C0067DE74 /* Rust140BuildTestInProcessOfAppKit */ = {
			isa = PBXNativeTarget;
			buildConfigurationList = 45BEA97A1BFE1C5C0067DE74 /* Build configuration list for PBXNativeTarget "Rust140BuildTestInProcessOfAppKit" */;
			buildPhases = (
				45BEA9691BFE1C5C0067DE74 /* Sources */,
				45BEA96A1BFE1C5C0067DE74 /* Frameworks */,
				45BEA96B1BFE1C5C0067DE74 /* Resources */,
			);
			buildRules = (
			);
			dependencies = (
			);
			name = Rust140BuildTestInProcessOfAppKit;
			productName = Rust140BuildTestInProcessOfAppKit;
			productReference = 45BEA96D1BFE1C5C0067DE74 /* Rust140BuildTestInProcessOfAppKit.app */;
			productType = "com.apple.product-type.application";
		};
/* End PBXNativeTarget section */

/* Begin PBXProject section */
		45BEA9651BFE1C5C0067DE74 /* Project object */ = {
			isa = PBXProject;
			attributes = {
				LastSwiftUpdateCheck = 0710;
				LastUpgradeCheck = 0710;
				ORGANIZATIONNAME = Eonil;
				TargetAttributes = {
					45BEA96C1BFE1C5C0067DE74 = {
						CreatedOnToolsVersion = 7.1.1;
					};
				};
			};
			buildConfigurationList = 45BEA9681BFE1C5C0067DE74 /* Build configuration list for PBXProject "Rust140BuildTestInProcessOfAppKit" */;
			compatibilityVersion = "Xcode 3.2";
			developmentRegion = English;
			hasScannedForEncodings = 0;
			knownRegions = (
				en,
				Base,
			);
			mainGroup = 45BEA9641BFE1C5C0067DE74;
			productRefGroup = 45BEA96E1BFE1C5C0067DE74 /* Products */;
			projectDirPath = "";
			projectRoot = "";
			targets = (
				45BEA96C1BFE1C5C0067DE74 /* Rust140BuildTestInProcessOfAppKit */,
			);
		};
/* End PBXProject section */

/* Begin PBXResourcesBuildPhase section */
		45BEA96B1BFE1C5C0067DE74 /* Resources */ = {
			isa = PBXResourcesBuildPhase;
			buildActionMask = 2147483647;
			files = (
				45BEA9731BFE1C5C0067DE74 /* Assets.xcassets in Resources */,
				45BEA9761BFE1C5C0067DE74 /* MainMenu.xib in Resources */,
			);
			runOnlyForDeploymentPostprocessing = 0;
		};
/* End PBXResourcesBuildPhase section */

/* Begin PBXSourcesBuildPhase section */
		45BEA9691BFE1C5C0067DE74 /* Sources */ = {
			isa = PBXSourcesBuildPhase;
			buildActionMask = 2147483647;
			files = (
				45BEA9711BFE1C5C0067DE74 /* AppDelegate.swift in Sources */,
			);
			runOnlyForDeploymentPostprocessing = 0;
		};
/* End PBXSourcesBuildPhase section */

/* Begin PBXVariantGroup section */
		45BEA9741BFE1C5C0067DE74 /* MainMenu.xib */ = {
			isa = PBXVariantGroup;
			children = (
				45BEA9751BFE1C5C0067DE74 /* Base */,
			);
			name = MainMenu.xib;
			sourceTree = "<group>";
		};
/* End PBXVariantGroup section */

/* Begin XCBuildConfiguration section */
		45BEA9781BFE1C5C0067DE74 /* Debug */ = {
			isa = XCBuildConfiguration;
			buildSettings = {
				ALWAYS_SEARCH_USER_PATHS = NO;
				CLANG_CXX_LANGUAGE_STANDARD = "gnu++0x";
				CLANG_CXX_LIBRARY = "libc++";
				CLANG_ENABLE_MODULES = YES;
				CLANG_ENABLE_OBJC_ARC = YES;
				CLANG_WARN_BOOL_CONVERSION = YES;
				CLANG_WARN_CONSTANT_CONVERSION = YES;
				CLANG_WARN_DIRECT_OBJC_ISA_USAGE = YES_ERROR;
				CLANG_WARN_EMPTY_BODY = YES;
				CLANG_WARN_ENUM_CONVERSION = YES;
				CLANG_WARN_INT_CONVERSION = YES;
				CLANG_WARN_OBJC_ROOT_CLASS = YES_ERROR;
				CLANG_WARN_UNREACHABLE_CODE = YES;
				CLANG_WARN__DUPLICATE_METHOD_MATCH = YES;
				CODE_SIGN_IDENTITY = "-";
				COPY_PHASE_STRIP = NO;
				DEBUG_INFORMATION_FORMAT = dwarf;
				ENABLE_STRICT_OBJC_MSGSEND = YES;
				ENABLE_TESTABILITY = YES;
				GCC_C_LANGUAGE_STANDARD = gnu99;
				GCC_DYNAMIC_NO_PIC = NO;
				GCC_NO_COMMON_BLOCKS = YES;
				GCC_OPTIMIZATION_LEVEL = 0;
				GCC_PREPROCESSOR_DEFINITIONS = (
					"DEBUG=1",
					"$(inherited)",
				);
				GCC_WARN_64_TO_32_BIT_CONVERSION = YES;
				GCC_WARN_ABOUT_RETURN_TYPE = YES_ERROR;
				GCC_WARN_UNDECLARED_SELECTOR = YES;
				GCC_WARN_UNINITIALIZED_AUTOS = YES_AGGRESSIVE;
				GCC_WARN_UNUSED_FUNCTION = YES;
				GCC_WARN_UNUSED_VARIABLE = YES;
				MACOSX_DEPLOYMENT_TARGET = 10.11;
				MTL_ENABLE_DEBUG_INFO = YES;
				ONLY_ACTIVE_ARCH = YES;
				SDKROOT = macosx;
				SWIFT_OPTIMIZATION_LEVEL = "-Onone";
			};
			name = Debug;
		};
		45BEA9791BFE1C5C0067DE74 /* Release */ = {
			isa = XCBuildConfiguration;
			buildSettings = {
				ALWAYS_SEARCH_USER_PATHS = NO;
				CLANG_CXX_LANGUAGE_STANDARD = "gnu++0x";
				CLANG_CXX_LIBRARY = "libc++";
				CLANG_ENABLE_MODULES = YES;
				CLANG_ENABLE_OBJC_ARC = YES;
				CLANG_WARN_BOOL_CONVERSION = YES;
				CLANG_WARN_CONSTANT_CONVERSION = YES;
				CLANG_WARN_DIRECT_OBJC_ISA_USAGE = YES_ERROR;
				CLANG_WARN_EMPTY_BODY = YES;
				CLANG_WARN_ENUM_CONVERSION = YES;
				CLANG_WARN_INT_CONVERSION = YES;
				CLANG_WARN_OBJC_ROOT_CLASS = YES_ERROR;
				CLANG_WARN_UNREACHABLE_CODE = YES;
				CLANG_WARN__DUPLICATE_METHOD_MATCH = YES;
				CODE_SIGN_IDENTITY = "-";
				COPY_PHASE_STRIP = NO;
				DEBUG_INFORMATION_FORMAT = "dwarf-with-dsym";
				ENABLE_NS_ASSERTIONS = NO;
				ENABLE_STRICT_OBJC_MSGSEND = YES;
				GCC_C_LANGUAGE_STANDARD = gnu99;
				GCC_NO_COMMON_BLOCKS = YES;
				GCC_WARN_64_TO_32_BIT_CONVERSION = YES;
				GCC_WARN_ABOUT_RETURN_TYPE = YES_ERROR;
				GCC_WARN_UNDECLARED_SELECTOR = YES;
				GCC_WARN_UNINITIALIZED_AUTOS = YES_AGGRESSIVE;
				GCC_WARN_UNUSED_FUNCTION = YES;
				GCC_WARN_UNUSED_VARIABLE = YES;
				MACOSX_DEPLOYMENT_TARGET = 10.11;
				MTL_ENABLE_DEBUG_INFO = NO;
				SDKROOT = macosx;
			};
			name = Release;
		};
		45BEA97B1BFE1C5C0067DE74 /* Debug */ = {
			isa = XCBuildConfiguration;
			buildSettings = {
				ASSETCATALOG_COMPILER_APPICON_NAME = AppIcon;
				COMBINE_HIDPI_IMAGES = YES;
				INFOPLIST_FILE = Rust140BuildTestInProcessOfAppKit/Info.plist;
				LD_RUNPATH_SEARCH_PATHS = "$(inherited) @executable_path/../Frameworks";
				PRODUCT_BUNDLE_IDENTIFIER = Eonil.Rust140BuildTestInProcessOfAppKit;
				PRODUCT_NAME = "$(TARGET_NAME)";
			};
			name = Debug;
		};
		45BEA97C1BFE1C5C0067DE74 /* Release */ = {
			isa = XCBuildConfiguration;
			buildSettings = {
				ASSETCATALOG_COMPILER_APPICON_NAME = AppIcon;
				COMBINE_HIDPI_IMAGES = YES;
				INFOPLIST_FILE = Rust140BuildTestInProcessOfAppKit/Info.plist;
				LD_RUNPATH_SEARCH_PATHS = "$(inherited) @executable_path/../Frameworks";
				PRODUCT_BUNDLE_IDENTIFIER = Eonil.Rust140BuildTestInProcessOfAppKit;
				PRODUCT_NAME = "$(TARGET_NAME)";
			};
			name = Release;
		};
/* End XCBuildConfiguration section */

/* Begin XCConfigurationList section */
		45BEA9681BFE1C5C0067DE74 /* Build configuration list for PBXProject "Rust140BuildTestInProcessOfAppKit" */ = {
			isa = XCConfigurationList;
			buildConfigurations = (
				45BEA9781BFE1C5C0067DE74 /* Debug */,
				45BEA9791BFE1C5C0067DE74 /* Release */,
			);
			defaultConfigurationIsVisible = 0;
			defaultConfigurationName = Release;
		};
		45BEA97A1BFE1C5C0067DE74 /* Build configuration list for PBXNativeTarget "Rust140BuildTestInProcessOfAppKit" */ = {
			isa = XCConfigurationList;
			buildConfigurations = (
				45BEA97B1BFE1C5C0067DE74 /* Debug */,
				45BEA97C1BFE1C5C0067DE74 /* Release */,
			);
			defaultConfigurationIsVisible = 0;
			defaultConfigurationName = Release;
		};
/* End XCConfigurationList section */
	};
	rootObject = 45BEA9651BFE1C5C0067DE74 /* Project object */;
}
